
Microsoft Visual Studio Solution File, Format Version 12.00
# Visual Studio 14
VisualStudioVersion = 14.0.23107.0
MinimumVisualStudioVersion = 10.0.40219.1
Project("{FAE04EC0-301F-11D3-BF4B-00C04F79EFBC}") = "SharePointLibrary", "SharePointLibrary.csproj", "{7225AED1-E298-44B1-84F6-A3EAFDB6C86B}"
EndProject
Global
	GlobalSection(SolutionConfigurationPlatforms) = preSolution
		Debug|Any CPU = Debug|Any CPU
		Release|Any CPU = Release|Any CPU
	EndGlobalSection
	GlobalSection(ProjectConfigurationPlatforms) = postSolution
		{7225AED1-E298-44B1-84F6-A3EAFDB6C86B}.Debug|Any CPU.ActiveCfg = Debug|Any CPU
		{7225AED1-E298-44B1-84F6-A3EAFDB6C86B}.Debug|Any CPU.Build.0 = Debug|Any CPU
		{7225AED1-E298-44B1-84F6-A3EAFDB6C86B}.Release|Any CPU.ActiveCfg = Release|Any CPU
		{7225AED1-E298-44B1-84F6-A3EAFDB6C86B}.Release|Any CPU.Build.0 = Release|Any CPU
	EndGlobalSection
	GlobalSection(SolutionProperties) = preSolution
		HideSolutionNode = FALSE
	EndGlobalSection
	GlobalSection(ExtensibilityGlobals) = postSolution
		SolutionGuid = {D0283908-3DF2-489D-9540-4DADBC30FE03}
	EndGlobalSection
EndGlobal
